
Microsoft Visual Studio Solution File, Format Version 12.00
# Visual Studio Version 17
VisualStudioVersion = 17.14.36221.1 d17.14
MinimumVisualStudioVersion = 10.0.40219.1
Project("{FAE04EC0-301F-11D3-BF4B-00C04F79EFBC}") = "AnimalMatchingGame", "AnimalMatchingGame.csproj", "{5A09FE5A-B860-57E3-2BAE-B4E6F53F62CE}"
EndProject
Global
	GlobalSection(SolutionConfigurationPlatforms) = preSolution
		Debug|Any CPU = Debug|Any CPU
		Release|Any CPU = Release|Any CPU
	EndGlobalSection
	GlobalSection(ProjectConfigurationPlatforms) = postSolution
		{5A09FE5A-B860-57E3-2BAE-B4E6F53F62CE}.Debug|Any CPU.ActiveCfg = Debug|Any CPU
		{5A09FE5A-B860-57E3-2BAE-B4E6F53F62CE}.Debug|Any CPU.Build.0 = Debug|Any CPU
		{5A09FE5A-B860-57E3-2BAE-B4E6F53F62CE}.Release|Any CPU.ActiveCfg = Release|Any CPU
		{5A09FE5A-B860-57E3-2BAE-B4E6F53F62CE}.Release|Any CPU.Build.0 = Release|Any CPU
	EndGlobalSection
	GlobalSection(SolutionProperties) = preSolution
		HideSolutionNode = FALSE
	EndGlobalSection
	GlobalSection(ExtensibilityGlobals) = postSolution
		SolutionGuid = {A80B8344-6404-4F05-956D-2CDD608EBE00}
	EndGlobalSection
EndGlobal
